
Microsoft Visual Studio Solution File, Format Version 12.00
# Visual Studio 15
VisualStudioVersion = 15.0.27703.2042
MinimumVisualStudioVersion = 10.0.40219.1
Project("{FAE04EC0-301F-11D3-BF4B-00C04F79EFBC}") = "KendoASP", "KendoASP\KendoASP.csproj", "{2151C104-56CF-43B4-B57C-9652B5621491}"
EndProject
Project("{FAE04EC0-301F-11D3-BF4B-00C04F79EFBC}") = "KendoASPBusinessLayer", "KendoASPBusinessLayer\KendoASPBusinessLayer.csproj", "{8127064B-41CD-4A0B-BD4C-080CCAA4307B}"
EndProject
Global
	GlobalSection(SolutionConfigurationPlatforms) = preSolution
		Debug|Any CPU = Debug|Any CPU
		Release|Any CPU = Release|Any CPU
	EndGlobalSection
	GlobalSection(ProjectConfigurationPlatforms) = postSolution
		{2151C104-56CF-43B4-B57C-9652B5621491}.Debug|Any CPU.ActiveCfg = Debug|Any CPU
		{2151C104-56CF-43B4-B57C-9652B5621491}.Debug|Any CPU.Build.0 = Debug|Any CPU
		{2151C104-56CF-43B4-B57C-9652B5621491}.Release|Any CPU.ActiveCfg = Release|Any CPU
		{2151C104-56CF-43B4-B57C-9652B5621491}.Release|Any CPU.Build.0 = Release|Any CPU
		{8127064B-41CD-4A0B-BD4C-080CCAA4307B}.Debug|Any CPU.ActiveCfg = Debug|Any CPU
		{8127064B-41CD-4A0B-BD4C-080CCAA4307B}.Debug|Any CPU.Build.0 = Debug|Any CPU
		{8127064B-41CD-4A0B-BD4C-080CCAA4307B}.Release|Any CPU.ActiveCfg = Release|Any CPU
		{8127064B-41CD-4A0B-BD4C-080CCAA4307B}.Release|Any CPU.Build.0 = Release|Any CPU
	EndGlobalSection
	GlobalSection(SolutionProperties) = preSolution
		HideSolutionNode = FALSE
	EndGlobalSection
	GlobalSection(ExtensibilityGlobals) = postSolution
		SolutionGuid = {E18A59ED-7371-4736-B1E1-6589C7AB1BE6}
	EndGlobalSection
EndGlobal
